# This file is automatically @generated by Cargo.
# It is not intended for manual editing.
version = 3

[[package]]
name = "chksum-core"
version = "0.0.0"
source = "registry+https://github.com/rust-lang/crates.io-index"
checksum = "d6db20071fdeca52ed6a7745519fb2d343fddcb93af81448373b851f072aaec5"
dependencies = [
 "chksum-hash-core",
 "thiserror",
]

[[package]]
name = "chksum-hash-core"
version = "0.0.0"
source = "registry+https://github.com/rust-lang/crates.io-index"
checksum = "221456234d441c788a2c51a27b91c4380f499de560670a67d3303e621d37b3bd"

[[package]]
name = "chksum-hash-md5"
version = "0.0.0"
source = "registry+https://github.com/rust-lang/crates.io-index"
checksum = "80c33d01c33c9e193fe33e719a29a7eb900c08583375dd1d3269991aacbe434a"
dependencies = [
 "chksum-hash-core",
 "thiserror",
]

[[package]]
name = "chksum-md5"
version = "0.0.0"
source = "registry+https://github.com/rust-lang/crates.io-index"
checksum = "95dda0f76fbb6069e042c370a928457086e1b4eabc7e75f5f49fe1b913634351"
dependencies = [
 "chksum-core",
 "chksum-hash-md5",
]

[[package]]
name = "proc-macro2"
version = "1.0.78"
source = "registry+https://github.com/rust-lang/crates.io-index"
checksum = "e2422ad645d89c99f8f3e6b88a9fdeca7fabeac836b1002371c4367c8f984aae"
dependencies = [
 "unicode-ident",
]

[[package]]
name = "quote"
version = "1.0.35"
source = "registry+https://github.com/rust-lang/crates.io-index"
checksum = "291ec9ab5efd934aaf503a6466c5d5251535d108ee747472c3977cc5acc868ef"
dependencies = [
 "proc-macro2",
]

[[package]]
name = "scoring-engine"
version = "0.1.0"
dependencies = [
 "chksum-md5",
 "terminal-link",
]

[[package]]
name = "syn"
version = "2.0.48"
source = "registry+https://github.com/rust-lang/crates.io-index"
checksum = "0f3531638e407dfc0814761abb7c00a5b54992b849452a0646b7f65c9f770f3f"
dependencies = [
 "proc-macro2",
 "quote",
 "unicode-ident",
]

[[package]]
name = "terminal-link"
version = "0.1.0"
source = "registry+https://github.com/rust-lang/crates.io-index"
checksum = "253bcead4f3aa96243b0f8fa46f9010e87ca23bd5d0c723d474ff1d2417bbdf8"

[[package]]
name = "thiserror"
version = "1.0.56"
source = "registry+https://github.com/rust-lang/crates.io-index"
checksum = "d54378c645627613241d077a3a79db965db602882668f9136ac42af9ecb730ad"
dependencies = [
 "thiserror-impl",
]

[[package]]
name = "thiserror-impl"
version = "1.0.56"
source = "registry+https://github.com/rust-lang/crates.io-index"
checksum = "fa0faa943b50f3db30a20aa7e265dbc66076993efed8463e8de414e5d06d3471"
dependencies = [
 "proc-macro2",
 "quote",
 "syn",
]

[[package]]
name = "unicode-ident"
version = "1.0.12"
source = "registry+https://github.com/rust-lang/crates.io-index"
checksum = "3354b9ac3fae1ff6755cb6db53683adb661634f67557942dea4facebec0fee4b"
